
Microsoft Visual Studio Solution File, Format Version 12.00
# Visual Studio 15
VisualStudioVersion = 15.0.27004.2002
MinimumVisualStudioVersion = 10.0.40219.1
Project("{FAE04EC0-301F-11D3-BF4B-00C04F79EFBC}") = "LEDFlash", "LEDFlash\LEDFlash.csproj", "{8BCDECA3-25FB-46D3-9BDB-DF84F4FE1DFE}"
EndProject
Global
	GlobalSection(SolutionConfigurationPlatforms) = preSolution
		Debug|Any CPU = Debug|Any CPU
		Release|Any CPU = Release|Any CPU
	EndGlobalSection
	GlobalSection(ProjectConfigurationPlatforms) = postSolution
		{8BCDECA3-25FB-46D3-9BDB-DF84F4FE1DFE}.Debug|Any CPU.ActiveCfg = Debug|Any CPU
		{8BCDECA3-25FB-46D3-9BDB-DF84F4FE1DFE}.Debug|Any CPU.Build.0 = Debug|Any CPU
		{8BCDECA3-25FB-46D3-9BDB-DF84F4FE1DFE}.Release|Any CPU.ActiveCfg = Release|Any CPU
		{8BCDECA3-25FB-46D3-9BDB-DF84F4FE1DFE}.Release|Any CPU.Build.0 = Release|Any CPU
	EndGlobalSection
	GlobalSection(SolutionProperties) = preSolution
		HideSolutionNode = FALSE
	EndGlobalSection
	GlobalSection(ExtensibilityGlobals) = postSolution
		SolutionGuid = {FB2159A7-2F52-497E-A28F-9A810CC2EEF9}
	EndGlobalSection
EndGlobal
